
Microsoft Visual Studio Solution File, Format Version 12.00
# Visual Studio Version 16
VisualStudioVersion = 16.0.29613.14
MinimumVisualStudioVersion = 10.0.40219.1
Project("{FAE04EC0-301F-11D3-BF4B-00C04F79EFBC}") = "PartyWebApp", "PartyWebApp\PartyWebApp.csproj", "{51E06B0B-01E7-4B5C-934F-5AA37E417ADC}"
EndProject
Global
	GlobalSection(SolutionConfigurationPlatforms) = preSolution
		Debug|Any CPU = Debug|Any CPU
		Release|Any CPU = Release|Any CPU
	EndGlobalSection
	GlobalSection(ProjectConfigurationPlatforms) = postSolution
		{51E06B0B-01E7-4B5C-934F-5AA37E417ADC}.Debug|Any CPU.ActiveCfg = Debug|Any CPU
		{51E06B0B-01E7-4B5C-934F-5AA37E417ADC}.Debug|Any CPU.Build.0 = Debug|Any CPU
		{51E06B0B-01E7-4B5C-934F-5AA37E417ADC}.Release|Any CPU.ActiveCfg = Release|Any CPU
		{51E06B0B-01E7-4B5C-934F-5AA37E417ADC}.Release|Any CPU.Build.0 = Release|Any CPU
	EndGlobalSection
	GlobalSection(SolutionProperties) = preSolution
		HideSolutionNode = FALSE
	EndGlobalSection
	GlobalSection(ExtensibilityGlobals) = postSolution
		SolutionGuid = {DA38BF4B-C48D-4BB9-8025-CF7F1D73483D}
	EndGlobalSection
EndGlobal
